
Microsoft Visual Studio Solution File, Format Version 12.00
# Visual Studio 14
VisualStudioVersion = 14.0.25420.1
MinimumVisualStudioVersion = 10.0.40219.1
Project("{2150E333-8FDC-42A3-9474-1A3956D46DE8}") = "src", "src", "{1E1EF112-D4F2-404F-AF18-9CFCBB816A1E}"
EndProject
Project("{8BB2217D-0F2D-49D1-97BC-3654ED321F3B}") = "ERP.Helper", "src\ERP.Helper\ERP.Helper.xproj", "{BA63A4A1-7DF5-4DFE-BA50-5484E9EA22B7}"
EndProject
Project("{8BB2217D-0F2D-49D1-97BC-3654ED321F3B}") = "ERP.Domain.Entities", "src\ERP.Domain.Entities\ERP.Domain.Entities.xproj", "{6B8A8A76-7D33-4F3A-B012-908D46DACF8E}"
EndProject
Project("{8BB2217D-0F2D-49D1-97BC-3654ED321F3B}") = "ERP.Business.Contracts", "src\ERP.Business.Contracts\ERP.Business.Contracts.xproj", "{1CB2A3CB-13F1-4630-8063-1924C21F5A47}"
EndProject
Project("{8BB2217D-0F2D-49D1-97BC-3654ED321F3B}") = "ERP.Business", "src\ERP.Business\ERP.Business.xproj", "{269A0121-6BB7-448A-9192-A9392DF4D2B4}"
EndProject
Project("{8BB2217D-0F2D-49D1-97BC-3654ED321F3B}") = "ERP.API", "src\ERP.API\ERP.API.xproj", "{42FCD236-F4F0-4018-AB70-1B86B9B2BD37}"
EndProject
Project("{8BB2217D-0F2D-49D1-97BC-3654ED321F3B}") = "ERP.Data", "src\ERP.Data\ERP.Data.xproj", "{83AA2666-2D40-41A1-9B1E-BE334156B48B}"
EndProject
Project("{8BB2217D-0F2D-49D1-97BC-3654ED321F3B}") = "ERP.Web", "src\ERP.Web\ERP.Web.xproj", "{EE0B900D-C4D9-4576-B00B-481194AEA921}"
EndProject
Project("{2150E333-8FDC-42A3-9474-1A3956D46DE8}") = "Solution Items", "Solution Items", "{D17C4012-7989-4200-8170-7670A7FB9BA0}"
	ProjectSection(SolutionItems) = preProject
		global.json = global.json
	EndProjectSection
EndProject
Global
	GlobalSection(SolutionConfigurationPlatforms) = preSolution
		Debug|Any CPU = Debug|Any CPU
		Release|Any CPU = Release|Any CPU
	EndGlobalSection
	GlobalSection(ProjectConfigurationPlatforms) = postSolution
		{BA63A4A1-7DF5-4DFE-BA50-5484E9EA22B7}.Debug|Any CPU.ActiveCfg = Debug|Any CPU
		{BA63A4A1-7DF5-4DFE-BA50-5484E9EA22B7}.Debug|Any CPU.Build.0 = Debug|Any CPU
		{BA63A4A1-7DF5-4DFE-BA50-5484E9EA22B7}.Release|Any CPU.ActiveCfg = Release|Any CPU
		{BA63A4A1-7DF5-4DFE-BA50-5484E9EA22B7}.Release|Any CPU.Build.0 = Release|Any CPU
		{6B8A8A76-7D33-4F3A-B012-908D46DACF8E}.Debug|Any CPU.ActiveCfg = Debug|Any CPU
		{6B8A8A76-7D33-4F3A-B012-908D46DACF8E}.Debug|Any CPU.Build.0 = Debug|Any CPU
		{6B8A8A76-7D33-4F3A-B012-908D46DACF8E}.Release|Any CPU.ActiveCfg = Release|Any CPU
		{6B8A8A76-7D33-4F3A-B012-908D46DACF8E}.Release|Any CPU.Build.0 = Release|Any CPU
		{1CB2A3CB-13F1-4630-8063-1924C21F5A47}.Debug|Any CPU.ActiveCfg = Debug|Any CPU
		{1CB2A3CB-13F1-4630-8063-1924C21F5A47}.Debug|Any CPU.Build.0 = Debug|Any CPU
		{1CB2A3CB-13F1-4630-8063-1924C21F5A47}.Release|Any CPU.ActiveCfg = Release|Any CPU
		{1CB2A3CB-13F1-4630-8063-1924C21F5A47}.Release|Any CPU.Build.0 = Release|Any CPU
		{269A0121-6BB7-448A-9192-A9392DF4D2B4}.Debug|Any CPU.ActiveCfg = Debug|Any CPU
		{269A0121-6BB7-448A-9192-A9392DF4D2B4}.Debug|Any CPU.Build.0 = Debug|Any CPU
		{269A0121-6BB7-448A-9192-A9392DF4D2B4}.Release|Any CPU.ActiveCfg = Release|Any CPU
		{269A0121-6BB7-448A-9192-A9392DF4D2B4}.Release|Any CPU.Build.0 = Release|Any CPU
		{42FCD236-F4F0-4018-AB70-1B86B9B2BD37}.Debug|Any CPU.ActiveCfg = Debug|Any CPU
		{42FCD236-F4F0-4018-AB70-1B86B9B2BD37}.Debug|Any CPU.Build.0 = Debug|Any CPU
		{42FCD236-F4F0-4018-AB70-1B86B9B2BD37}.Release|Any CPU.ActiveCfg = Release|Any CPU
		{42FCD236-F4F0-4018-AB70-1B86B9B2BD37}.Release|Any CPU.Build.0 = Release|Any CPU
		{83AA2666-2D40-41A1-9B1E-BE334156B48B}.Debug|Any CPU.ActiveCfg = Debug|Any CPU
		{83AA2666-2D40-41A1-9B1E-BE334156B48B}.Debug|Any CPU.Build.0 = Debug|Any CPU
		{83AA2666-2D40-41A1-9B1E-BE334156B48B}.Release|Any CPU.ActiveCfg = Release|Any CPU
		{83AA2666-2D40-41A1-9B1E-BE334156B48B}.Release|Any CPU.Build.0 = Release|Any CPU
		{EE0B900D-C4D9-4576-B00B-481194AEA921}.Debug|Any CPU.ActiveCfg = Debug|Any CPU
		{EE0B900D-C4D9-4576-B00B-481194AEA921}.Debug|Any CPU.Build.0 = Debug|Any CPU
		{EE0B900D-C4D9-4576-B00B-481194AEA921}.Release|Any CPU.ActiveCfg = Release|Any CPU
		{EE0B900D-C4D9-4576-B00B-481194AEA921}.Release|Any CPU.Build.0 = Release|Any CPU
	EndGlobalSection
	GlobalSection(SolutionProperties) = preSolution
		HideSolutionNode = FALSE
	EndGlobalSection
	GlobalSection(NestedProjects) = preSolution
		{BA63A4A1-7DF5-4DFE-BA50-5484E9EA22B7} = {1E1EF112-D4F2-404F-AF18-9CFCBB816A1E}
		{6B8A8A76-7D33-4F3A-B012-908D46DACF8E} = {1E1EF112-D4F2-404F-AF18-9CFCBB816A1E}
		{1CB2A3CB-13F1-4630-8063-1924C21F5A47} = {1E1EF112-D4F2-404F-AF18-9CFCBB816A1E}
		{269A0121-6BB7-448A-9192-A9392DF4D2B4} = {1E1EF112-D4F2-404F-AF18-9CFCBB816A1E}
		{42FCD236-F4F0-4018-AB70-1B86B9B2BD37} = {1E1EF112-D4F2-404F-AF18-9CFCBB816A1E}
		{83AA2666-2D40-41A1-9B1E-BE334156B48B} = {1E1EF112-D4F2-404F-AF18-9CFCBB816A1E}
		{EE0B900D-C4D9-4576-B00B-481194AEA921} = {1E1EF112-D4F2-404F-AF18-9CFCBB816A1E}
	EndGlobalSection
EndGlobal
